// !$*UTF8*$!
{
	archiveVersion = 1;
	classes = {
	};
	objectVersion = 46;
	objects = {

/* Begin PBXBuildFile section */
		8E273B651B63BDAD00177507 /* AppDelegate.swift in Sources */ = {isa = PBXBuildFile; fileRef = 8E273B641B63BDAD00177507 /* AppDelegate.swift */; };
		8E273B671B63BDAD00177507 /* ViewController.swift in Sources */ = {isa = PBXBuildFile; fileRef = 8E273B661B63BDAD00177507 /* ViewController.swift */; };
		8E273B6A1B63BDAD00177507 /* Main.storyboard in Resources */ = {isa = PBXBuildFile; fileRef = 8E273B681B63BDAD00177507 /* Main.storyboard */; };
		8E273B6C1B63BDAD00177507 /* Images.xcassets in Resources */ = {isa = PBXBuildFile; fileRef = 8E273B6B1B63BDAD00177507 /* Images.xcassets */; };
		8E273B6F1B63BDAD00177507 /* LaunchScreen.xib in Resources */ = {isa = PBXBuildFile; fileRef = 8E273B6D1B63BDAD00177507 /* LaunchScreen.xib */; };
		8E273B7B1B63BDAD00177507 /* MapTestTests.swift in Sources */ = {isa = PBXBuildFile; fileRef = 8E273B7A1B63BDAD00177507 /* MapTestTests.swift */; };
		8E273B8A1B63D6F700177507 /* GPXMapVC.swift in Sources */ = {isa = PBXBuildFile; fileRef = 8E273B891B63D6F700177507 /* GPXMapVC.swift */; };
		8E273BA01B63D8F500177507 /* MapKit.framework in Frameworks */ = {isa = PBXBuildFile; fileRef = 8E273B9F1B63D8F500177507 /* MapKit.framework */; };
		8E273BA41B668F3F00177507 /* Polyline.swift in Sources */ = {isa = PBXBuildFile; fileRef = 8E273BA31B668F3F00177507 /* Polyline.swift */; };
		9200F5D6540B72F5BBFC2846 /* libPods.a in Frameworks */ = {isa = PBXBuildFile; fileRef = B232972FF4971FBE7B59CEA3 /* libPods.a */; };
/* End PBXBuildFile section */

/* Begin PBXContainerItemProxy section */
		8E273B751B63BDAD00177507 /* PBXContainerItemProxy */ = {
			isa = PBXContainerItemProxy;
			containerPortal = 8E273B571B63BDAD00177507 /* Project object */;
			proxyType = 1;
			remoteGlobalIDString = 8E273B5E1B63BDAD00177507;
			remoteInfo = MapTest;
		};
/* End PBXContainerItemProxy section */

/* Begin PBXFileReference section */
		63F119E6BBA4A4BA94207D75 /* Pods.release.xcconfig */ = {isa = PBXFileReference; includeInIndex = 1; lastKnownFileType = text.xcconfig; name = Pods.release.xcconfig; path = "Pods/Target Support Files/Pods/Pods.release.xcconfig"; sourceTree = "<group>"; };
		74CDD7CAD1B04D76E069194D /* Pods.debug.xcconfig */ = {isa = PBXFileReference; includeInIndex = 1; lastKnownFileType = text.xcconfig; name = Pods.debug.xcconfig; path = "Pods/Target Support Files/Pods/Pods.debug.xcconfig"; sourceTree = "<group>"; };
		8E273B5F1B63BDAD00177507 /* MapTest.app */ = {isa = PBXFileReference; explicitFileType = wrapper.application; includeInIndex = 0; path = MapTest.app; sourceTree = BUILT_PRODUCTS_DIR; };
		8E273B631B63BDAD00177507 /* Info.plist */ = {isa = PBXFileReference; lastKnownFileType = text.plist.xml; path = Info.plist; sourceTree = "<group>"; };
		8E273B641B63BDAD00177507 /* AppDelegate.swift */ = {isa = PBXFileReference; lastKnownFileType = sourcecode.swift; path = AppDelegate.swift; sourceTree = "<group>"; };
		8E273B661B63BDAD00177507 /* ViewController.swift */ = {isa = PBXFileReference; lastKnownFileType = sourcecode.swift; path = ViewController.swift; sourceTree = "<group>"; };
		8E273B691B63BDAD00177507 /* Base */ = {isa = PBXFileReference; lastKnownFileType = file.storyboard; name = Base; path = Base.lproj/Main.storyboard; sourceTree = "<group>"; };
		8E273B6B1B63BDAD00177507 /* Images.xcassets */ = {isa = PBXFileReference; lastKnownFileType = folder.assetcatalog; path = Images.xcassets; sourceTree = "<group>"; };
		8E273B6E1B63BDAD00177507 /* Base */ = {isa = PBXFileReference; lastKnownFileType = file.xib; name = Base; path = Base.lproj/LaunchScreen.xib; sourceTree = "<group>"; };
		8E273B741B63BDAD00177507 /* MapTestTests.xctest */ = {isa = PBXFileReference; explicitFileType = wrapper.cfbundle; includeInIndex = 0; path = MapTestTests.xctest; sourceTree = BUILT_PRODUCTS_DIR; };
		8E273B791B63BDAD00177507 /* Info.plist */ = {isa = PBXFileReference; lastKnownFileType = text.plist.xml; path = Info.plist; sourceTree = "<group>"; };
		8E273B7A1B63BDAD00177507 /* MapTestTests.swift */ = {isa = PBXFileReference; lastKnownFileType = sourcecode.swift; path = MapTestTests.swift; sourceTree = "<group>"; };
		8E273B841B63BE8100177507 /* MapTest-Bridging-Header.h */ = {isa = PBXFileReference; lastKnownFileType = sourcecode.c.h; path = "MapTest-Bridging-Header.h"; sourceTree = SOURCE_ROOT; };
		8E273B871B63D50700177507 /* libPods-TBXML.a */ = {isa = PBXFileReference; lastKnownFileType = archive.ar; name = "libPods-TBXML.a"; path = "Pods/build/Debug-iphoneos/libPods-TBXML.a"; sourceTree = "<group>"; };
		8E273B891B63D6F700177507 /* GPXMapVC.swift */ = {isa = PBXFileReference; fileEncoding = 4; lastKnownFileType = sourcecode.swift; path = GPXMapVC.swift; sourceTree = "<group>"; };
		8E273B9F1B63D8F500177507 /* MapKit.framework */ = {isa = PBXFileReference; lastKnownFileType = wrapper.framework; name = MapKit.framework; path = System/Library/Frameworks/MapKit.framework; sourceTree = SDKROOT; };
		8E273BA31B668F3F00177507 /* Polyline.swift */ = {isa = PBXFileReference; fileEncoding = 4; lastKnownFileType = sourcecode.swift; path = Polyline.swift; sourceTree = "<group>"; };
		B232972FF4971FBE7B59CEA3 /* libPods.a */ = {isa = PBXFileReference; explicitFileType = archive.ar; includeInIndex = 0; path = libPods.a; sourceTree = BUILT_PRODUCTS_DIR; };
/* End PBXFileReference section */

/* Begin PBXFrameworksBuildPhase section */
		8E273B5C1B63BDAD00177507 /* Frameworks */ = {
			isa = PBXFrameworksBuildPhase;
			buildActionMask = 2147483647;
			files = (
				8E273BA01B63D8F500177507 /* MapKit.framework in Frameworks */,
				9200F5D6540B72F5BBFC2846 /* libPods.a in Frameworks */,
			);
			runOnlyForDeploymentPostprocessing = 0;
		};
		8E273B711B63BDAD00177507 /* Frameworks */ = {
			isa = PBXFrameworksBuildPhase;
			buildActionMask = 2147483647;
			files = (
			);
			runOnlyForDeploymentPostprocessing = 0;
		};
/* End PBXFrameworksBuildPhase section */

/* Begin PBXGroup section */
		6809FBAB4DDCCC51C63756C0 /* Frameworks */ = {
			isa = PBXGroup;
			children = (
				8E273B9F1B63D8F500177507 /* MapKit.framework */,
				8E273B871B63D50700177507 /* libPods-TBXML.a */,
				B232972FF4971FBE7B59CEA3 /* libPods.a */,
			);
			name = Frameworks;
			sourceTree = "<group>";
		};
		8D3A49E721772D2170F7BA00 /* Pods */ = {
			isa = PBXGroup;
			children = (
				74CDD7CAD1B04D76E069194D /* Pods.debug.xcconfig */,
				63F119E6BBA4A4BA94207D75 /* Pods.release.xcconfig */,
			);
			name = Pods;
			sourceTree = "<group>";
		};
		8E273B561B63BDAD00177507 = {
			isa = PBXGroup;
			children = (
				8E273B611B63BDAD00177507 /* MapTest */,
				8E273B771B63BDAD00177507 /* MapTestTests */,
				8E273B601B63BDAD00177507 /* Products */,
				8D3A49E721772D2170F7BA00 /* Pods */,
				6809FBAB4DDCCC51C63756C0 /* Frameworks */,
			);
			sourceTree = "<group>";
		};
		8E273B601B63BDAD00177507 /* Products */ = {
			isa = PBXGroup;
			children = (
				8E273B5F1B63BDAD00177507 /* MapTest.app */,
				8E273B741B63BDAD00177507 /* MapTestTests.xctest */,
			);
			name = Products;
			sourceTree = "<group>";
		};
		8E273B611B63BDAD00177507 /* MapTest */ = {
			isa = PBXGroup;
			children = (
				8E273B641B63BDAD00177507 /* AppDelegate.swift */,
				8E273B661B63BDAD00177507 /* ViewController.swift */,
				8E273B891B63D6F700177507 /* GPXMapVC.swift */,
				8E273B681B63BDAD00177507 /* Main.storyboard */,
				8E273B6B1B63BDAD00177507 /* Images.xcassets */,
				8E273B6D1B63BDAD00177507 /* LaunchScreen.xib */,
				8E273BA31B668F3F00177507 /* Polyline.swift */,
				8E273B621B63BDAD00177507 /* Supporting Files */,
			);
			path = MapTest;
			sourceTree = "<group>";
		};
		8E273B621B63BDAD00177507 /* Supporting Files */ = {
			isa = PBXGroup;
			children = (
				8E273B841B63BE8100177507 /* MapTest-Bridging-Header.h */,
				8E273B631B63BDAD00177507 /* Info.plist */,
			);
			name = "Supporting Files";
			sourceTree = "<group>";
		};
		8E273B771B63BDAD00177507 /* MapTestTests */ = {
			isa = PBXGroup;
			children = (
				8E273B7A1B63BDAD00177507 /* MapTestTests.swift */,
				8E273B781B63BDAD00177507 /* Supporting Files */,
			);
			path = MapTestTests;
			sourceTree = "<group>";
		};
		8E273B781B63BDAD00177507 /* Supporting Files */ = {
			isa = PBXGroup;
			children = (
				8E273B791B63BDAD00177507 /* Info.plist */,
			);
			name = "Supporting Files";
			sourceTree = "<group>";
		};
/* End PBXGroup section */

/* Begin PBXNativeTarget section */
		8E273B5E1B63BDAD00177507 /* MapTest */ = {
			isa = PBXNativeTarget;
			buildConfigurationList = 8E273B7E1B63BDAD00177507 /* Build configuration list for PBXNativeTarget "MapTest" */;
			buildPhases = (
				48D3903FB54E9E5AA8CEC1CE /* Check Pods Manifest.lock */,
				8E273B5B1B63BDAD00177507 /* Sources */,
				8E273B5C1B63BDAD00177507 /* Frameworks */,
				8E273B5D1B63BDAD00177507 /* Resources */,
				45355D157A31B43A0CDA0410 /* Copy Pods Resources */,
			);
			buildRules = (
			);
			dependencies = (
			);
			name = MapTest;
			productName = MapTest;
			productReference = 8E273B5F1B63BDAD00177507 /* MapTest.app */;
			productType = "com.apple.product-type.application";
		};
		8E273B731B63BDAD00177507 /* MapTestTests */ = {
			isa = PBXNativeTarget;
			buildConfigurationList = 8E273B811B63BDAD00177507 /* Build configuration list for PBXNativeTarget "MapTestTests" */;
			buildPhases = (
				8E273B701B63BDAD00177507 /* Sources */,
				8E273B711B63BDAD00177507 /* Frameworks */,
				8E273B721B63BDAD00177507 /* Resources */,
			);
			buildRules = (
			);
			dependencies = (
				8E273B761B63BDAD00177507 /* PBXTargetDependency */,
			);
			name = MapTestTests;
			productName = MapTestTests;
			productReference = 8E273B741B63BDAD00177507 /* MapTestTests.xctest */;
			productType = "com.apple.product-type.bundle.unit-test";
		};
/* End PBXNativeTarget section */

/* Begin PBXProject section */
		8E273B571B63BDAD00177507 /* Project object */ = {
			isa = PBXProject;
			attributes = {
				LastUpgradeCheck = 0640;
				ORGANIZATIONNAME = orazz;
				TargetAttributes = {
					8E273B5E1B63BDAD00177507 = {
						CreatedOnToolsVersion = 6.4;
					};
					8E273B731B63BDAD00177507 = {
						CreatedOnToolsVersion = 6.4;
						TestTargetID = 8E273B5E1B63BDAD00177507;
					};
				};
			};
			buildConfigurationList = 8E273B5A1B63BDAD00177507 /* Build configuration list for PBXProject "MapTest" */;
			compatibilityVersion = "Xcode 3.2";
			developmentRegion = English;
			hasScannedForEncodings = 0;
			knownRegions = (
				en,
				Base,
			);
			mainGroup = 8E273B561B63BDAD00177507;
			productRefGroup = 8E273B601B63BDAD00177507 /* Products */;
			projectDirPath = "";
			projectRoot = "";
			targets = (
				8E273B5E1B63BDAD00177507 /* MapTest */,
				8E273B731B63BDAD00177507 /* MapTestTests */,
			);
		};
/* End PBXProject section */

/* Begin PBXResourcesBuildPhase section */
		8E273B5D1B63BDAD00177507 /* Resources */ = {
			isa = PBXResourcesBuildPhase;
			buildActionMask = 2147483647;
			files = (
				8E273B6A1B63BDAD00177507 /* Main.storyboard in Resources */,
				8E273B6F1B63BDAD00177507 /* LaunchScreen.xib in Resources */,
				8E273B6C1B63BDAD00177507 /* Images.xcassets in Resources */,
			);
			runOnlyForDeploymentPostprocessing = 0;
		};
		8E273B721B63BDAD00177507 /* Resources */ = {
			isa = PBXResourcesBuildPhase;
			buildActionMask = 2147483647;
			files = (
			);
			runOnlyForDeploymentPostprocessing = 0;
		};
/* End PBXResourcesBuildPhase section */

/* Begin PBXShellScriptBuildPhase section */
		45355D157A31B43A0CDA0410 /* Copy Pods Resources */ = {
			isa = PBXShellScriptBuildPhase;
			buildActionMask = 2147483647;
			files = (
			);
			inputPaths = (
			);
			name = "Copy Pods Resources";
			outputPaths = (
			);
			runOnlyForDeploymentPostprocessing = 0;
			shellPath = /bin/sh;
			shellScript = "\"${SRCROOT}/Pods/Target Support Files/Pods/Pods-resources.sh\"\n";
			showEnvVarsInLog = 0;
		};
		48D3903FB54E9E5AA8CEC1CE /* Check Pods Manifest.lock */ = {
			isa = PBXShellScriptBuildPhase;
			buildActionMask = 2147483647;
			files = (
			);
			inputPaths = (
			);
			name = "Check Pods Manifest.lock";
			outputPaths = (
			);
			runOnlyForDeploymentPostprocessing = 0;
			shellPath = /bin/sh;
			shellScript = "diff \"${PODS_ROOT}/../Podfile.lock\" \"${PODS_ROOT}/Manifest.lock\" > /dev/null\nif [[ $? != 0 ]] ; then\n    cat << EOM\nerror: The sandbox is not in sync with the Podfile.lock. Run 'pod install' or update your CocoaPods installation.\nEOM\n    exit 1\nfi\n";
			showEnvVarsInLog = 0;
		};
/* End PBXShellScriptBuildPhase section */

/* Begin PBXSourcesBuildPhase section */
		8E273B5B1B63BDAD00177507 /* Sources */ = {
			isa = PBXSourcesBuildPhase;
			buildActionMask = 2147483647;
			files = (
				8E273B671B63BDAD00177507 /* ViewController.swift in Sources */,
				8E273BA41B668F3F00177507 /* Polyline.swift in Sources */,
				8E273B651B63BDAD00177507 /* AppDelegate.swift in Sources */,
				8E273B8A1B63D6F700177507 /* GPXMapVC.swift in Sources */,
			);
			runOnlyForDeploymentPostprocessing = 0;
		};
		8E273B701B63BDAD00177507 /* Sources */ = {
			isa = PBXSourcesBuildPhase;
			buildActionMask = 2147483647;
			files = (
				8E273B7B1B63BDAD00177507 /* MapTestTests.swift in Sources */,
			);
			runOnlyForDeploymentPostprocessing = 0;
		};
/* End PBXSourcesBuildPhase section */

/* Begin PBXTargetDependency section */
		8E273B761B63BDAD00177507 /* PBXTargetDependency */ = {
			isa = PBXTargetDependency;
			target = 8E273B5E1B63BDAD00177507 /* MapTest */;
			targetProxy = 8E273B751B63BDAD00177507 /* PBXContainerItemProxy */;
		};
/* End PBXTargetDependency section */

/* Begin PBXVariantGroup section */
		8E273B681B63BDAD00177507 /* Main.storyboard */ = {
			isa = PBXVariantGroup;
			children = (
				8E273B691B63BDAD00177507 /* Base */,
			);
			name = Main.storyboard;
			sourceTree = "<group>";
		};
		8E273B6D1B63BDAD00177507 /* LaunchScreen.xib */ = {
			isa = PBXVariantGroup;
			children = (
				8E273B6E1B63BDAD00177507 /* Base */,
			);
			name = LaunchScreen.xib;
			sourceTree = "<group>";
		};
/* End PBXVariantGroup section */

/* Begin XCBuildConfiguration section */
		8E273B7C1B63BDAD00177507 /* Debug */ = {
			isa = XCBuildConfiguration;
			buildSettings = {
				ALWAYS_SEARCH_USER_PATHS = NO;
				CLANG_CXX_LANGUAGE_STANDARD = "gnu++0x";
				CLANG_CXX_LIBRARY = "libc++";
				CLANG_ENABLE_MODULES = YES;
				CLANG_ENABLE_OBJC_ARC = YES;
				CLANG_WARN_BOOL_CONVERSION = YES;
				CLANG_WARN_CONSTANT_CONVERSION = YES;
				CLANG_WARN_DIRECT_OBJC_ISA_USAGE = YES_ERROR;
				CLANG_WARN_EMPTY_BODY = YES;
				CLANG_WARN_ENUM_CONVERSION = YES;
				CLANG_WARN_INT_CONVERSION = YES;
				CLANG_WARN_OBJC_ROOT_CLASS = YES_ERROR;
				CLANG_WARN_UNREACHABLE_CODE = YES;
				CLANG_WARN__DUPLICATE_METHOD_MATCH = YES;
				"CODE_SIGN_IDENTITY[sdk=iphoneos*]" = "iPhone Developer";
				COPY_PHASE_STRIP = NO;
				DEBUG_INFORMATION_FORMAT = "dwarf-with-dsym";
				ENABLE_STRICT_OBJC_MSGSEND = YES;
				GCC_C_LANGUAGE_STANDARD = gnu99;
				GCC_DYNAMIC_NO_PIC = NO;
				GCC_NO_COMMON_BLOCKS = YES;
				GCC_OPTIMIZATION_LEVEL = 0;
				GCC_PREPROCESSOR_DEFINITIONS = (
					"DEBUG=1",
					"$(inherited)",
				);
				GCC_SYMBOLS_PRIVATE_EXTERN = NO;
				GCC_WARN_64_TO_32_BIT_CONVERSION = YES;
				GCC_WARN_ABOUT_RETURN_TYPE = YES_ERROR;
				GCC_WARN_UNDECLARED_SELECTOR = YES;
				GCC_WARN_UNINITIALIZED_AUTOS = YES_AGGRESSIVE;
				GCC_WARN_UNUSED_FUNCTION = YES;
				GCC_WARN_UNUSED_VARIABLE = YES;
				IPHONEOS_DEPLOYMENT_TARGET = 8.4;
				MTL_ENABLE_DEBUG_INFO = YES;
				ONLY_ACTIVE_ARCH = YES;
				SDKROOT = iphoneos;
				SWIFT_OPTIMIZATION_LEVEL = "-Onone";
				TARGETED_DEVICE_FAMILY = "1,2";
			};
			name = Debug;
		};
		8E273B7D1B63BDAD00177507 /* Release */ = {
			isa = XCBuildConfiguration;
			buildSettings = {
				ALWAYS_SEARCH_USER_PATHS = NO;
				CLANG_CXX_LANGUAGE_STANDARD = "gnu++0x";
				CLANG_CXX_LIBRARY = "libc++";
				CLANG_ENABLE_MODULES = YES;
				CLANG_ENABLE_OBJC_ARC = YES;
				CLANG_WARN_BOOL_CONVERSION = YES;
				CLANG_WARN_CONSTANT_CONVERSION = YES;
				CLANG_WARN_DIRECT_OBJC_ISA_USAGE = YES_ERROR;
				CLANG_WARN_EMPTY_BODY = YES;
				CLANG_WARN_ENUM_CONVERSION = YES;
				CLANG_WARN_INT_CONVERSION = YES;
				CLANG_WARN_OBJC_ROOT_CLASS = YES_ERROR;
				CLANG_WARN_UNREACHABLE_CODE = YES;
				CLANG_WARN__DUPLICATE_METHOD_MATCH = YES;
				"CODE_SIGN_IDENTITY[sdk=iphoneos*]" = "iPhone Developer";
				COPY_PHASE_STRIP = NO;
				DEBUG_INFORMATION_FORMAT = "dwarf-with-dsym";
				ENABLE_NS_ASSERTIONS = NO;
				ENABLE_STRICT_OBJC_MSGSEND = YES;
				GCC_C_LANGUAGE_STANDARD = gnu99;
				GCC_NO_COMMON_BLOCKS = YES;
				GCC_WARN_64_TO_32_BIT_CONVERSION = YES;
				GCC_WARN_ABOUT_RETURN_TYPE = YES_ERROR;
				GCC_WARN_UNDECLARED_SELECTOR = YES;
				GCC_WARN_UNINITIALIZED_AUTOS = YES_AGGRESSIVE;
				GCC_WARN_UNUSED_FUNCTION = YES;
				GCC_WARN_UNUSED_VARIABLE = YES;
				IPHONEOS_DEPLOYMENT_TARGET = 8.4;
				MTL_ENABLE_DEBUG_INFO = NO;
				SDKROOT = iphoneos;
				TARGETED_DEVICE_FAMILY = "1,2";
				VALIDATE_PRODUCT = YES;
			};
			name = Release;
		};
		8E273B7F1B63BDAD00177507 /* Debug */ = {
			isa = XCBuildConfiguration;
			baseConfigurationReference = 74CDD7CAD1B04D76E069194D /* Pods.debug.xcconfig */;
			buildSettings = {
				ASSETCATALOG_COMPILER_APPICON_NAME = AppIcon;
				CLANG_ENABLE_MODULES = YES;
				INFOPLIST_FILE = MapTest/Info.plist;
				IPHONEOS_DEPLOYMENT_TARGET = 7.0;
				LD_RUNPATH_SEARCH_PATHS = "$(inherited) @executable_path/Frameworks";
				LIBRARY_SEARCH_PATHS = (
					"$(inherited)",
					"$(PROJECT_DIR)/Pods/build/Debug-iphoneos",
				);
				PRODUCT_NAME = "$(TARGET_NAME)";
				SWIFT_OBJC_BRIDGING_HEADER = "MapTest-Bridging-Header.h";
				SWIFT_OPTIMIZATION_LEVEL = "-Onone";
			};
			name = Debug;
		};
		8E273B801B63BDAD00177507 /* Release */ = {
			isa = XCBuildConfiguration;
			baseConfigurationReference = 63F119E6BBA4A4BA94207D75 /* Pods.release.xcconfig */;
			buildSettings = {
				ASSETCATALOG_COMPILER_APPICON_NAME = AppIcon;
				CLANG_ENABLE_MODULES = YES;
				INFOPLIST_FILE = MapTest/Info.plist;
				IPHONEOS_DEPLOYMENT_TARGET = 7.0;
				LD_RUNPATH_SEARCH_PATHS = "$(inherited) @executable_path/Frameworks";
				LIBRARY_SEARCH_PATHS = (
					"$(inherited)",
					"$(PROJECT_DIR)/Pods/build/Debug-iphoneos",
				);
				PRODUCT_NAME = "$(TARGET_NAME)";
				SWIFT_OBJC_BRIDGING_HEADER = "MapTest-Bridging-Header.h";
			};
			name = Release;
		};
		8E273B821B63BDAD00177507 /* Debug */ = {
			isa = XCBuildConfiguration;
			buildSettings = {
				BUNDLE_LOADER = "$(TEST_HOST)";
				FRAMEWORK_SEARCH_PATHS = (
					"$(SDKROOT)/Developer/Library/Frameworks",
					"$(inherited)",
				);
				GCC_PREPROCESSOR_DEFINITIONS = (
					"DEBUG=1",
					"$(inherited)",
				);
				INFOPLIST_FILE = MapTestTests/Info.plist;
				LD_RUNPATH_SEARCH_PATHS = "$(inherited) @executable_path/Frameworks @loader_path/Frameworks";
				PRODUCT_NAME = "$(TARGET_NAME)";
				TEST_HOST = "$(BUILT_PRODUCTS_DIR)/MapTest.app/MapTest";
			};
			name = Debug;
		};
		8E273B831B63BDAD00177507 /* Release */ = {
			isa = XCBuildConfiguration;
			buildSettings = {
				BUNDLE_LOADER = "$(TEST_HOST)";
				FRAMEWORK_SEARCH_PATHS = (
					"$(SDKROOT)/Developer/Library/Frameworks",
					"$(inherited)",
				);
				INFOPLIST_FILE = MapTestTests/Info.plist;
				LD_RUNPATH_SEARCH_PATHS = "$(inherited) @executable_path/Frameworks @loader_path/Frameworks";
				PRODUCT_NAME = "$(TARGET_NAME)";
				TEST_HOST = "$(BUILT_PRODUCTS_DIR)/MapTest.app/MapTest";
			};
			name = Release;
		};
/* End XCBuildConfiguration section */

/* Begin XCConfigurationList section */
		8E273B5A1B63BDAD00177507 /* Build configuration list for PBXProject "MapTest" */ = {
			isa = XCConfigurationList;
			buildConfigurations = (
				8E273B7C1B63BDAD00177507 /* Debug */,
				8E273B7D1B63BDAD00177507 /* Release */,
			);
			defaultConfigurationIsVisible = 0;
			defaultConfigurationName = Release;
		};
		8E273B7E1B63BDAD00177507 /* Build configuration list for PBXNativeTarget "MapTest" */ = {
			isa = XCConfigurationList;
			buildConfigurations = (
				8E273B7F1B63BDAD00177507 /* Debug */,
				8E273B801B63BDAD00177507 /* Release */,
			);
			defaultConfigurationIsVisible = 0;
			defaultConfigurationName = Release;
		};
		8E273B811B63BDAD00177507 /* Build configuration list for PBXNativeTarget "MapTestTests" */ = {
			isa = XCConfigurationList;
			buildConfigurations = (
				8E273B821B63BDAD00177507 /* Debug */,
				8E273B831B63BDAD00177507 /* Release */,
			);
			defaultConfigurationIsVisible = 0;
			defaultConfigurationName = Release;
		};
/* End XCConfigurationList section */
	};
	rootObject = 8E273B571B63BDAD00177507 /* Project object */;
}
